
Microsoft Visual Studio Solution File, Format Version 12.00
# Visual Studio Version 16
VisualStudioVersion = 16.0.31005.135
MinimumVisualStudioVersion = 10.0.40219.1
Project("{9A19103F-16F7-4668-BE54-9A1E7A4F7556}") = "Bits Script Interpreter", "Bits Script Interpreter.csproj", "{EEB32F71-70D9-42A8-A0F9-92B8C0B41529}"
EndProject
Global
	GlobalSection(SolutionConfigurationPlatforms) = preSolution
		Debug|Any CPU = Debug|Any CPU
		Debug|x64 = Debug|x64
		Release|Any CPU = Release|Any CPU
		Release|x64 = Release|x64
	EndGlobalSection
	GlobalSection(ProjectConfigurationPlatforms) = postSolution
		{EEB32F71-70D9-42A8-A0F9-92B8C0B41529}.Debug|Any CPU.ActiveCfg = Debug|Any CPU
		{EEB32F71-70D9-42A8-A0F9-92B8C0B41529}.Debug|Any CPU.Build.0 = Debug|Any CPU
		{EEB32F71-70D9-42A8-A0F9-92B8C0B41529}.Debug|x64.ActiveCfg = Debug|x64
		{EEB32F71-70D9-42A8-A0F9-92B8C0B41529}.Debug|x64.Build.0 = Debug|x64
		{EEB32F71-70D9-42A8-A0F9-92B8C0B41529}.Release|Any CPU.ActiveCfg = Release|Any CPU
		{EEB32F71-70D9-42A8-A0F9-92B8C0B41529}.Release|Any CPU.Build.0 = Release|Any CPU
		{EEB32F71-70D9-42A8-A0F9-92B8C0B41529}.Release|x64.ActiveCfg = Release|x64
		{EEB32F71-70D9-42A8-A0F9-92B8C0B41529}.Release|x64.Build.0 = Release|x64
	EndGlobalSection
	GlobalSection(SolutionProperties) = preSolution
		HideSolutionNode = FALSE
	EndGlobalSection
	GlobalSection(ExtensibilityGlobals) = postSolution
		SolutionGuid = {7C3FD107-3964-4B81-A21B-DFABC243FFAD}
	EndGlobalSection
EndGlobal
